
Microsoft Visual Studio Solution File, Format Version 12.00
# Visual Studio Version 16
VisualStudioVersion = 16.0.30717.126
MinimumVisualStudioVersion = 10.0.40219.1
Project("{FAE04EC0-301F-11D3-BF4B-00C04F79EFBC}") = "Lab10", "Lab10\Lab10.csproj", "{BF74F7B2-8480-4C4D-9C79-340BF4AD6814}"
EndProject
Global
	GlobalSection(SolutionConfigurationPlatforms) = preSolution
		Debug|Any CPU = Debug|Any CPU
		Release|Any CPU = Release|Any CPU
	EndGlobalSection
	GlobalSection(ProjectConfigurationPlatforms) = postSolution
		{BF74F7B2-8480-4C4D-9C79-340BF4AD6814}.Debug|Any CPU.ActiveCfg = Debug|Any CPU
		{BF74F7B2-8480-4C4D-9C79-340BF4AD6814}.Debug|Any CPU.Build.0 = Debug|Any CPU
		{BF74F7B2-8480-4C4D-9C79-340BF4AD6814}.Release|Any CPU.ActiveCfg = Release|Any CPU
		{BF74F7B2-8480-4C4D-9C79-340BF4AD6814}.Release|Any CPU.Build.0 = Release|Any CPU
	EndGlobalSection
	GlobalSection(SolutionProperties) = preSolution
		HideSolutionNode = FALSE
	EndGlobalSection
	GlobalSection(ExtensibilityGlobals) = postSolution
		SolutionGuid = {DDD3176F-116C-4FAB-BBB4-EE75A9EC4012}
	EndGlobalSection
EndGlobal
